[[package]]
name = "case"
version = "0.1.2"
description = "String case conversion, identification and parsing"
category = "main"
optional = false
python-versions = "^3.8"
develop = false

[package.source]
type = "git"
url = "https://github.com/tombulled/case.git"
reference = "main"
resolved_reference = "ce667e49c5ca22df0155eeaff0fc87db22da605d"

[[package]]
name = "enumb"
version = "0.1.2"
description = "Concise, Pythonic Enums"
category = "main"
optional = false
python-versions = "^3.8"
develop = false

[package.dependencies]
case = "rev main"
export = "rev main"

[package.source]
type = "git"
url = "https://github.com/tombulled/enumb.git"
reference = "main"
resolved_reference = "750c756a4f49afc6421568231ddc03d039d3db07"

[[package]]
name = "export"
version = "0.1.1"
description = "Selectively expose module functionality"
category = "main"
optional = false
python-versions = "^3.8"
develop = false

[package.source]
type = "git"
url = "https://github.com/tombulled/export.git"
reference = "main"
resolved_reference = "fd9a082a4231b39da69b11afa04d33dc548fa498"

[metadata]
lock-version = "1.1"
python-versions = "^3.8"
content-hash = "7502420f909254aef83e884de707bac8e21f8a0fd04643ddd375c562f83acd0f"

[metadata.files]
case = []
enumb = []
export = []
