[[package]]
name = "cassidy"
version = "0.1.4"
description = "String case conversion, identification and parsing"
category = "main"
optional = false
python-versions = ">=3.8,<4.0"

[[package]]
name = "enumb"
version = "0.1.4"
description = "Concise, Pythonic Enums"
category = "main"
optional = false
python-versions = ">=3.8,<4.0"

[package.dependencies]
cassidy = ">=0.1.2,<0.2.0"
expo = ">=0.1.1,<0.2.0"

[[package]]
name = "expo"
version = "0.1.2"
description = "Selectively expose module functionality"
category = "main"
optional = false
python-versions = ">=3.8,<4.0"

[metadata]
lock-version = "1.1"
python-versions = "^3.8"
content-hash = "2035521a38035986ff90c33528c6af34575fdd725c9a2f1cd282707a1b31dfda"

[metadata.files]
cassidy = [
    {file = "cassidy-0.1.4-py3-none-any.whl", hash = "sha256:9e6fdfff81accd7766f9b3e6665a1c0a914fd7b23c6da16d9face886bc1fb7d8"},
    {file = "cassidy-0.1.4.tar.gz", hash = "sha256:d51a0f4210a614f6b092e25fe29c981de0d9b769c42129b43708e8f847e22bee"},
]
enumb = [
    {file = "enumb-0.1.4-py3-none-any.whl", hash = "sha256:f395214111801a0fdae1d1cf0fc6914bfd0b5b8044da82f48b974fdeffc016f6"},
    {file = "enumb-0.1.4.tar.gz", hash = "sha256:e5713af4ccbc2ec2ff3021d105fdfb7bb533aabbbd1ee883d7c25916dc233570"},
]
expo = [
    {file = "expo-0.1.2-py3-none-any.whl", hash = "sha256:a36d64c6954de353ee67491351362b04c1b3281acb69afa8534b41279ecd2306"},
    {file = "expo-0.1.2.tar.gz", hash = "sha256:df9042d9d73307bf987e89791b6e36744c5fa99f7464210e956e76d7fe3e84bd"},
]
